{
  "name": "tournament-react-native",
  "version": "0.1.0",
  "lockfileVersion": 1,
  "requires": true,
  "dependencies": {
    "redux-persist": {
      "version": "5.6.10",
      "resolved": "https://registry.npmjs.org/redux-persist/-/redux-persist-5.6.10.tgz",
      "integrity": "sha512-HP6uDn0qZxIMYZLgwj3ltrJxDLMyHwudCg+ZbZTBTTWbJEvigx2j2E3gVIvUdJGssjLbfISfJel6ARME0uHSRw=="
    }
  }
}
